{
  "name": "st-test",
  "version": "0.0.1",
  "lockfileVersion": 1,
  "requires": true,
  "dependencies": {
    "@qrvey/widgetutils": {
      "version": "1.1.1",
      "resolved": "https://registry.npmjs.org/@qrvey/widgetutils/-/widgetutils-1.1.1.tgz",
      "integrity": "sha512-gvABxOH6jrFqO0pwvVjmhOLT60he61CbpK2sH40qHxyYYw0kB+b4EfdKUOuHBM9SZLHcfhnpx3n0IZKlnc+mFA=="
    },
    "@stencil/core": {
      "version": "1.12.3",
      "resolved": "https://registry.npmjs.org/@stencil/core/-/core-1.12.3.tgz",
      "integrity": "sha512-Qt3issn/r89hpx1feNOJnyEDHIuHsQqnLcv0tvuAHMO1PAi5B+T3qMT0jjtSuAnBrP9w96qo5Is16K43Su9IsA==",
      "dev": true,
      "requires": {
        "typescript": "3.8.3"
      }
    },
    "@stencil/sass": {
      "version": "1.3.1",
      "resolved": "https://registry.npmjs.org/@stencil/sass/-/sass-1.3.1.tgz",
      "integrity": "sha512-5qsEyhLGTywpG4zlWv6eBhhj/z2Z37nbUGa87Ak0KqfsEiclJCYRA/AMM9FiN1jHfBvr968G4zE8rNlYmiPLsQ==",
      "dev": true
    },
    "typescript": {
      "version": "3.8.3",
      "resolved": "https://registry.npmjs.org/typescript/-/typescript-3.8.3.tgz",
      "integrity": "sha512-MYlEfn5VrLNsgudQTVJeNaQFUAI7DkhnOjdpAp4T+ku1TfQClewlbSuTVHiA+8skNBgaf02TL/kLOvig4y3G8w==",
      "dev": true
    }
  }
}
